
Microsoft Visual Studio Solution File, Format Version 12.00
# Visual Studio Version 17
VisualStudioVersion = 17.11.35312.102
MinimumVisualStudioVersion = 10.0.40219.1
Project("{8BC9CEB8-8B4A-11D0-8D11-00A0C91BC942}") = "Lab_06_01_iter", "Lab_06_01_1\Lab_06_01_1.vcxproj", "{B079843C-E1BB-4BC8-901D-6C2548D1009C}"
EndProject
Project("{8BC9CEB8-8B4A-11D0-8D11-00A0C91BC942}") = "Lab_06_01_rec", "Lab_06_01_2\Lab_06_01_2.vcxproj", "{EFC04764-63C8-4F2C-9BFC-6E33234ED5CE}"
EndProject
Project("{8BC9CEB8-8B4A-11D0-8D11-00A0C91BC942}") = "UnitTest1", "UnitTest1\UnitTest1.vcxproj", "{4AA31802-F005-47CF-B4D6-A22842BCD75C}"
EndProject
Project("{8BC9CEB8-8B4A-11D0-8D11-00A0C91BC942}") = "UnitTest2", "UnitTest2\UnitTest2.vcxproj", "{182567D5-D6DB-472F-A504-8AF3140BC0CE}"
EndProject
Project("{8BC9CEB8-8B4A-11D0-8D11-00A0C91BC942}") = "Lab_06_02_iter", "Lab_06_02_1\Lab_06_02_1.vcxproj", "{381DE996-C653-4726-B37E-C4AA54145FA1}"
EndProject
Project("{8BC9CEB8-8B4A-11D0-8D11-00A0C91BC942}") = "Lab_06_02_rec", "Lab_06_02_2\Lab_06_02_2.vcxproj", "{FEC1BC07-6ACD-4BAE-A2FA-02F96C61BE27}"
EndProject
Project("{8BC9CEB8-8B4A-11D0-8D11-00A0C91BC942}") = "Lab_06_03_iter", "Lab_06_03_1\Lab_06_03_1.vcxproj", "{90966486-AB51-4240-B77C-A2505B45DEEE}"
EndProject
Project("{8BC9CEB8-8B4A-11D0-8D11-00A0C91BC942}") = "Lab_06_03_rec", "Lab_06_03_2\Lab_06_03_2.vcxproj", "{1123FBFE-6515-4BB9-91A8-13463A7F78E2}"
EndProject
Project("{8BC9CEB8-8B4A-11D0-8D11-00A0C91BC942}") = "Lab_06_03_iter(templates)", "Lab_06_03_1(templates)\Lab_06_03_1(templates).vcxproj", "{A4291565-A02F-4215-A72D-664F15C644CF}"
EndProject
Project("{8BC9CEB8-8B4A-11D0-8D11-00A0C91BC942}") = "Lab_06_03_rec(templates)", "Lab_06_03_2(templates)\Lab_06_03_2(templates).vcxproj", "{BDC4E54B-74DF-49F5-A251-EEE9B9DE4C06}"
EndProject
Project("{8BC9CEB8-8B4A-11D0-8D11-00A0C91BC942}") = "Lab_06_04_iter", "Lab_06_04_1\Lab_06_04_1.vcxproj", "{8C60267B-16B2-449C-B63F-A358CC4F38F4}"
EndProject
Project("{8BC9CEB8-8B4A-11D0-8D11-00A0C91BC942}") = "Lab_06_04_rec", "Lab_06_04_2\Lab_06_04_2.vcxproj", "{9853400F-FE80-4503-B681-14443BD95F97}"
EndProject
Project("{8BC9CEB8-8B4A-11D0-8D11-00A0C91BC942}") = "UnitTest3", "UnitTest3\UnitTest3.vcxproj", "{52471EEC-A842-4F5A-9F59-7324E0148AF5}"
EndProject
Project("{8BC9CEB8-8B4A-11D0-8D11-00A0C91BC942}") = "UnitTest4", "UnitTest4\UnitTest4.vcxproj", "{6AABFE12-34E5-4991-9450-C6D559BD3AE6}"
EndProject
Project("{8BC9CEB8-8B4A-11D0-8D11-00A0C91BC942}") = "UnitTest5", "UnitTest5\UnitTest5.vcxproj", "{D37916DF-B36A-4BA7-9ABE-10E6B148E007}"
EndProject
Project("{8BC9CEB8-8B4A-11D0-8D11-00A0C91BC942}") = "UnitTest6", "UnitTest6\UnitTest6.vcxproj", "{FFF8570C-115D-4C04-8231-EA642E04DB04}"
EndProject
Project("{8BC9CEB8-8B4A-11D0-8D11-00A0C91BC942}") = "UnitTest7", "UnitTest7\UnitTest7.vcxproj", "{CFA5CB5C-7426-4FAE-B109-29496C35F4DA}"
EndProject
Project("{8BC9CEB8-8B4A-11D0-8D11-00A0C91BC942}") = "UnitTest8", "UnitTest8\UnitTest8.vcxproj", "{4E0D08D2-996F-4DE8-BBEE-C775D670C327}"
EndProject
Project("{8BC9CEB8-8B4A-11D0-8D11-00A0C91BC942}") = "UnitTest9", "UnitTest9\UnitTest9.vcxproj", "{226782CB-05E0-4179-B182-A98F6CDDD6AE}"
EndProject
Project("{8BC9CEB8-8B4A-11D0-8D11-00A0C91BC942}") = "UnitTest10", "UnitTest10\UnitTest10.vcxproj", "{9EF7A90E-0094-4516-8355-B28278B31EFE}"
EndProject
Global
	GlobalSection(SolutionConfigurationPlatforms) = preSolution
		Debug|x64 = Debug|x64
		Debug|x86 = Debug|x86
		Release|x64 = Release|x64
		Release|x86 = Release|x86
	EndGlobalSection
	GlobalSection(ProjectConfigurationPlatforms) = postSolution
		{B079843C-E1BB-4BC8-901D-6C2548D1009C}.Debug|x64.ActiveCfg = Debug|x64
		{B079843C-E1BB-4BC8-901D-6C2548D1009C}.Debug|x64.Build.0 = Debug|x64
		{B079843C-E1BB-4BC8-901D-6C2548D1009C}.Debug|x86.ActiveCfg = Debug|Win32
		{B079843C-E1BB-4BC8-901D-6C2548D1009C}.Debug|x86.Build.0 = Debug|Win32
		{B079843C-E1BB-4BC8-901D-6C2548D1009C}.Release|x64.ActiveCfg = Release|x64
		{B079843C-E1BB-4BC8-901D-6C2548D1009C}.Release|x64.Build.0 = Release|x64
		{B079843C-E1BB-4BC8-901D-6C2548D1009C}.Release|x86.ActiveCfg = Release|Win32
		{B079843C-E1BB-4BC8-901D-6C2548D1009C}.Release|x86.Build.0 = Release|Win32
		{EFC04764-63C8-4F2C-9BFC-6E33234ED5CE}.Debug|x64.ActiveCfg = Debug|x64
		{EFC04764-63C8-4F2C-9BFC-6E33234ED5CE}.Debug|x64.Build.0 = Debug|x64
		{EFC04764-63C8-4F2C-9BFC-6E33234ED5CE}.Debug|x86.ActiveCfg = Debug|Win32
		{EFC04764-63C8-4F2C-9BFC-6E33234ED5CE}.Debug|x86.Build.0 = Debug|Win32
		{EFC04764-63C8-4F2C-9BFC-6E33234ED5CE}.Release|x64.ActiveCfg = Release|x64
		{EFC04764-63C8-4F2C-9BFC-6E33234ED5CE}.Release|x64.Build.0 = Release|x64
		{EFC04764-63C8-4F2C-9BFC-6E33234ED5CE}.Release|x86.ActiveCfg = Release|Win32
		{EFC04764-63C8-4F2C-9BFC-6E33234ED5CE}.Release|x86.Build.0 = Release|Win32
		{4AA31802-F005-47CF-B4D6-A22842BCD75C}.Debug|x64.ActiveCfg = Debug|x64
		{4AA31802-F005-47CF-B4D6-A22842BCD75C}.Debug|x64.Build.0 = Debug|x64
		{4AA31802-F005-47CF-B4D6-A22842BCD75C}.Debug|x86.ActiveCfg = Debug|Win32
		{4AA31802-F005-47CF-B4D6-A22842BCD75C}.Debug|x86.Build.0 = Debug|Win32
		{4AA31802-F005-47CF-B4D6-A22842BCD75C}.Release|x64.ActiveCfg = Release|x64
		{4AA31802-F005-47CF-B4D6-A22842BCD75C}.Release|x64.Build.0 = Release|x64
		{4AA31802-F005-47CF-B4D6-A22842BCD75C}.Release|x86.ActiveCfg = Release|Win32
		{4AA31802-F005-47CF-B4D6-A22842BCD75C}.Release|x86.Build.0 = Release|Win32
		{182567D5-D6DB-472F-A504-8AF3140BC0CE}.Debug|x64.ActiveCfg = Debug|x64
		{182567D5-D6DB-472F-A504-8AF3140BC0CE}.Debug|x64.Build.0 = Debug|x64
		{182567D5-D6DB-472F-A504-8AF3140BC0CE}.Debug|x86.ActiveCfg = Debug|Win32
		{182567D5-D6DB-472F-A504-8AF3140BC0CE}.Debug|x86.Build.0 = Debug|Win32
		{182567D5-D6DB-472F-A504-8AF3140BC0CE}.Release|x64.ActiveCfg = Release|x64
		{182567D5-D6DB-472F-A504-8AF3140BC0CE}.Release|x64.Build.0 = Release|x64
		{182567D5-D6DB-472F-A504-8AF3140BC0CE}.Release|x86.ActiveCfg = Release|Win32
		{182567D5-D6DB-472F-A504-8AF3140BC0CE}.Release|x86.Build.0 = Release|Win32
		{381DE996-C653-4726-B37E-C4AA54145FA1}.Debug|x64.ActiveCfg = Debug|x64
		{381DE996-C653-4726-B37E-C4AA54145FA1}.Debug|x64.Build.0 = Debug|x64
		{381DE996-C653-4726-B37E-C4AA54145FA1}.Debug|x86.ActiveCfg = Debug|Win32
		{381DE996-C653-4726-B37E-C4AA54145FA1}.Debug|x86.Build.0 = Debug|Win32
		{381DE996-C653-4726-B37E-C4AA54145FA1}.Release|x64.ActiveCfg = Release|x64
		{381DE996-C653-4726-B37E-C4AA54145FA1}.Release|x64.Build.0 = Release|x64
		{381DE996-C653-4726-B37E-C4AA54145FA1}.Release|x86.ActiveCfg = Release|Win32
		{381DE996-C653-4726-B37E-C4AA54145FA1}.Release|x86.Build.0 = Release|Win32
		{FEC1BC07-6ACD-4BAE-A2FA-02F96C61BE27}.Debug|x64.ActiveCfg = Debug|x64
		{FEC1BC07-6ACD-4BAE-A2FA-02F96C61BE27}.Debug|x64.Build.0 = Debug|x64
		{FEC1BC07-6ACD-4BAE-A2FA-02F96C61BE27}.Debug|x86.ActiveCfg = Debug|Win32
		{FEC1BC07-6ACD-4BAE-A2FA-02F96C61BE27}.Debug|x86.Build.0 = Debug|Win32
		{FEC1BC07-6ACD-4BAE-A2FA-02F96C61BE27}.Release|x64.ActiveCfg = Release|x64
		{FEC1BC07-6ACD-4BAE-A2FA-02F96C61BE27}.Release|x64.Build.0 = Release|x64
		{FEC1BC07-6ACD-4BAE-A2FA-02F96C61BE27}.Release|x86.ActiveCfg = Release|Win32
		{FEC1BC07-6ACD-4BAE-A2FA-02F96C61BE27}.Release|x86.Build.0 = Release|Win32
		{90966486-AB51-4240-B77C-A2505B45DEEE}.Debug|x64.ActiveCfg = Debug|x64
		{90966486-AB51-4240-B77C-A2505B45DEEE}.Debug|x64.Build.0 = Debug|x64
		{90966486-AB51-4240-B77C-A2505B45DEEE}.Debug|x86.ActiveCfg = Debug|Win32
		{90966486-AB51-4240-B77C-A2505B45DEEE}.Debug|x86.Build.0 = Debug|Win32
		{90966486-AB51-4240-B77C-A2505B45DEEE}.Release|x64.ActiveCfg = Release|x64
		{90966486-AB51-4240-B77C-A2505B45DEEE}.Release|x64.Build.0 = Release|x64
		{90966486-AB51-4240-B77C-A2505B45DEEE}.Release|x86.ActiveCfg = Release|Win32
		{90966486-AB51-4240-B77C-A2505B45DEEE}.Release|x86.Build.0 = Release|Win32
		{1123FBFE-6515-4BB9-91A8-13463A7F78E2}.Debug|x64.ActiveCfg = Debug|x64
		{1123FBFE-6515-4BB9-91A8-13463A7F78E2}.Debug|x64.Build.0 = Debug|x64
		{1123FBFE-6515-4BB9-91A8-13463A7F78E2}.Debug|x86.ActiveCfg = Debug|Win32
		{1123FBFE-6515-4BB9-91A8-13463A7F78E2}.Debug|x86.Build.0 = Debug|Win32
		{1123FBFE-6515-4BB9-91A8-13463A7F78E2}.Release|x64.ActiveCfg = Release|x64
		{1123FBFE-6515-4BB9-91A8-13463A7F78E2}.Release|x64.Build.0 = Release|x64
		{1123FBFE-6515-4BB9-91A8-13463A7F78E2}.Release|x86.ActiveCfg = Release|Win32
		{1123FBFE-6515-4BB9-91A8-13463A7F78E2}.Release|x86.Build.0 = Release|Win32
		{A4291565-A02F-4215-A72D-664F15C644CF}.Debug|x64.ActiveCfg = Debug|x64
		{A4291565-A02F-4215-A72D-664F15C644CF}.Debug|x64.Build.0 = Debug|x64
		{A4291565-A02F-4215-A72D-664F15C644CF}.Debug|x86.ActiveCfg = Debug|Win32
		{A4291565-A02F-4215-A72D-664F15C644CF}.Debug|x86.Build.0 = Debug|Win32
		{A4291565-A02F-4215-A72D-664F15C644CF}.Release|x64.ActiveCfg = Release|x64
		{A4291565-A02F-4215-A72D-664F15C644CF}.Release|x64.Build.0 = Release|x64
		{A4291565-A02F-4215-A72D-664F15C644CF}.Release|x86.ActiveCfg = Release|Win32
		{A4291565-A02F-4215-A72D-664F15C644CF}.Release|x86.Build.0 = Release|Win32
		{BDC4E54B-74DF-49F5-A251-EEE9B9DE4C06}.Debug|x64.ActiveCfg = Debug|x64
		{BDC4E54B-74DF-49F5-A251-EEE9B9DE4C06}.Debug|x64.Build.0 = Debug|x64
		{BDC4E54B-74DF-49F5-A251-EEE9B9DE4C06}.Debug|x86.ActiveCfg = Debug|Win32
		{BDC4E54B-74DF-49F5-A251-EEE9B9DE4C06}.Debug|x86.Build.0 = Debug|Win32
		{BDC4E54B-74DF-49F5-A251-EEE9B9DE4C06}.Release|x64.ActiveCfg = Release|x64
		{BDC4E54B-74DF-49F5-A251-EEE9B9DE4C06}.Release|x64.Build.0 = Release|x64
		{BDC4E54B-74DF-49F5-A251-EEE9B9DE4C06}.Release|x86.ActiveCfg = Release|Win32
		{BDC4E54B-74DF-49F5-A251-EEE9B9DE4C06}.Release|x86.Build.0 = Release|Win32
		{8C60267B-16B2-449C-B63F-A358CC4F38F4}.Debug|x64.ActiveCfg = Debug|x64
		{8C60267B-16B2-449C-B63F-A358CC4F38F4}.Debug|x64.Build.0 = Debug|x64
		{8C60267B-16B2-449C-B63F-A358CC4F38F4}.Debug|x86.ActiveCfg = Debug|Win32
		{8C60267B-16B2-449C-B63F-A358CC4F38F4}.Debug|x86.Build.0 = Debug|Win32
		{8C60267B-16B2-449C-B63F-A358CC4F38F4}.Release|x64.ActiveCfg = Release|x64
		{8C60267B-16B2-449C-B63F-A358CC4F38F4}.Release|x64.Build.0 = Release|x64
		{8C60267B-16B2-449C-B63F-A358CC4F38F4}.Release|x86.ActiveCfg = Release|Win32
		{8C60267B-16B2-449C-B63F-A358CC4F38F4}.Release|x86.Build.0 = Release|Win32
		{9853400F-FE80-4503-B681-14443BD95F97}.Debug|x64.ActiveCfg = Debug|x64
		{9853400F-FE80-4503-B681-14443BD95F97}.Debug|x64.Build.0 = Debug|x64
		{9853400F-FE80-4503-B681-14443BD95F97}.Debug|x86.ActiveCfg = Debug|Win32
		{9853400F-FE80-4503-B681-14443BD95F97}.Debug|x86.Build.0 = Debug|Win32
		{9853400F-FE80-4503-B681-14443BD95F97}.Release|x64.ActiveCfg = Release|x64
		{9853400F-FE80-4503-B681-14443BD95F97}.Release|x64.Build.0 = Release|x64
		{9853400F-FE80-4503-B681-14443BD95F97}.Release|x86.ActiveCfg = Release|Win32
		{9853400F-FE80-4503-B681-14443BD95F97}.Release|x86.Build.0 = Release|Win32
		{52471EEC-A842-4F5A-9F59-7324E0148AF5}.Debug|x64.ActiveCfg = Debug|x64
		{52471EEC-A842-4F5A-9F59-7324E0148AF5}.Debug|x64.Build.0 = Debug|x64
		{52471EEC-A842-4F5A-9F59-7324E0148AF5}.Debug|x86.ActiveCfg = Debug|Win32
		{52471EEC-A842-4F5A-9F59-7324E0148AF5}.Debug|x86.Build.0 = Debug|Win32
		{52471EEC-A842-4F5A-9F59-7324E0148AF5}.Release|x64.ActiveCfg = Release|x64
		{52471EEC-A842-4F5A-9F59-7324E0148AF5}.Release|x64.Build.0 = Release|x64
		{52471EEC-A842-4F5A-9F59-7324E0148AF5}.Release|x86.ActiveCfg = Release|Win32
		{52471EEC-A842-4F5A-9F59-7324E0148AF5}.Release|x86.Build.0 = Release|Win32
		{6AABFE12-34E5-4991-9450-C6D559BD3AE6}.Debug|x64.ActiveCfg = Debug|x64
		{6AABFE12-34E5-4991-9450-C6D559BD3AE6}.Debug|x64.Build.0 = Debug|x64
		{6AABFE12-34E5-4991-9450-C6D559BD3AE6}.Debug|x86.ActiveCfg = Debug|Win32
		{6AABFE12-34E5-4991-9450-C6D559BD3AE6}.Debug|x86.Build.0 = Debug|Win32
		{6AABFE12-34E5-4991-9450-C6D559BD3AE6}.Release|x64.ActiveCfg = Release|x64
		{6AABFE12-34E5-4991-9450-C6D559BD3AE6}.Release|x64.Build.0 = Release|x64
		{6AABFE12-34E5-4991-9450-C6D559BD3AE6}.Release|x86.ActiveCfg = Release|Win32
		{6AABFE12-34E5-4991-9450-C6D559BD3AE6}.Release|x86.Build.0 = Release|Win32
		{D37916DF-B36A-4BA7-9ABE-10E6B148E007}.Debug|x64.ActiveCfg = Debug|x64
		{D37916DF-B36A-4BA7-9ABE-10E6B148E007}.Debug|x64.Build.0 = Debug|x64
		{D37916DF-B36A-4BA7-9ABE-10E6B148E007}.Debug|x86.ActiveCfg = Debug|Win32
		{D37916DF-B36A-4BA7-9ABE-10E6B148E007}.Debug|x86.Build.0 = Debug|Win32
		{D37916DF-B36A-4BA7-9ABE-10E6B148E007}.Release|x64.ActiveCfg = Release|x64
		{D37916DF-B36A-4BA7-9ABE-10E6B148E007}.Release|x64.Build.0 = Release|x64
		{D37916DF-B36A-4BA7-9ABE-10E6B148E007}.Release|x86.ActiveCfg = Release|Win32
		{D37916DF-B36A-4BA7-9ABE-10E6B148E007}.Release|x86.Build.0 = Release|Win32
		{FFF8570C-115D-4C04-8231-EA642E04DB04}.Debug|x64.ActiveCfg = Debug|x64
		{FFF8570C-115D-4C04-8231-EA642E04DB04}.Debug|x64.Build.0 = Debug|x64
		{FFF8570C-115D-4C04-8231-EA642E04DB04}.Debug|x86.ActiveCfg = Debug|Win32
		{FFF8570C-115D-4C04-8231-EA642E04DB04}.Debug|x86.Build.0 = Debug|Win32
		{FFF8570C-115D-4C04-8231-EA642E04DB04}.Release|x64.ActiveCfg = Release|x64
		{FFF8570C-115D-4C04-8231-EA642E04DB04}.Release|x64.Build.0 = Release|x64
		{FFF8570C-115D-4C04-8231-EA642E04DB04}.Release|x86.ActiveCfg = Release|Win32
		{FFF8570C-115D-4C04-8231-EA642E04DB04}.Release|x86.Build.0 = Release|Win32
		{CFA5CB5C-7426-4FAE-B109-29496C35F4DA}.Debug|x64.ActiveCfg = Debug|x64
		{CFA5CB5C-7426-4FAE-B109-29496C35F4DA}.Debug|x64.Build.0 = Debug|x64
		{CFA5CB5C-7426-4FAE-B109-29496C35F4DA}.Debug|x86.ActiveCfg = Debug|Win32
		{CFA5CB5C-7426-4FAE-B109-29496C35F4DA}.Debug|x86.Build.0 = Debug|Win32
		{CFA5CB5C-7426-4FAE-B109-29496C35F4DA}.Release|x64.ActiveCfg = Release|x64
		{CFA5CB5C-7426-4FAE-B109-29496C35F4DA}.Release|x64.Build.0 = Release|x64
		{CFA5CB5C-7426-4FAE-B109-29496C35F4DA}.Release|x86.ActiveCfg = Release|Win32
		{CFA5CB5C-7426-4FAE-B109-29496C35F4DA}.Release|x86.Build.0 = Release|Win32
		{4E0D08D2-996F-4DE8-BBEE-C775D670C327}.Debug|x64.ActiveCfg = Debug|x64
		{4E0D08D2-996F-4DE8-BBEE-C775D670C327}.Debug|x64.Build.0 = Debug|x64
		{4E0D08D2-996F-4DE8-BBEE-C775D670C327}.Debug|x86.ActiveCfg = Debug|Win32
		{4E0D08D2-996F-4DE8-BBEE-C775D670C327}.Debug|x86.Build.0 = Debug|Win32
		{4E0D08D2-996F-4DE8-BBEE-C775D670C327}.Release|x64.ActiveCfg = Release|x64
		{4E0D08D2-996F-4DE8-BBEE-C775D670C327}.Release|x64.Build.0 = Release|x64
		{4E0D08D2-996F-4DE8-BBEE-C775D670C327}.Release|x86.ActiveCfg = Release|Win32
		{4E0D08D2-996F-4DE8-BBEE-C775D670C327}.Release|x86.Build.0 = Release|Win32
		{226782CB-05E0-4179-B182-A98F6CDDD6AE}.Debug|x64.ActiveCfg = Debug|x64
		{226782CB-05E0-4179-B182-A98F6CDDD6AE}.Debug|x64.Build.0 = Debug|x64
		{226782CB-05E0-4179-B182-A98F6CDDD6AE}.Debug|x86.ActiveCfg = Debug|Win32
		{226782CB-05E0-4179-B182-A98F6CDDD6AE}.Debug|x86.Build.0 = Debug|Win32
		{226782CB-05E0-4179-B182-A98F6CDDD6AE}.Release|x64.ActiveCfg = Release|x64
		{226782CB-05E0-4179-B182-A98F6CDDD6AE}.Release|x64.Build.0 = Release|x64
		{226782CB-05E0-4179-B182-A98F6CDDD6AE}.Release|x86.ActiveCfg = Release|Win32
		{226782CB-05E0-4179-B182-A98F6CDDD6AE}.Release|x86.Build.0 = Release|Win32
		{9EF7A90E-0094-4516-8355-B28278B31EFE}.Debug|x64.ActiveCfg = Debug|x64
		{9EF7A90E-0094-4516-8355-B28278B31EFE}.Debug|x64.Build.0 = Debug|x64
		{9EF7A90E-0094-4516-8355-B28278B31EFE}.Debug|x86.ActiveCfg = Debug|Win32
		{9EF7A90E-0094-4516-8355-B28278B31EFE}.Debug|x86.Build.0 = Debug|Win32
		{9EF7A90E-0094-4516-8355-B28278B31EFE}.Release|x64.ActiveCfg = Release|x64
		{9EF7A90E-0094-4516-8355-B28278B31EFE}.Release|x64.Build.0 = Release|x64
		{9EF7A90E-0094-4516-8355-B28278B31EFE}.Release|x86.ActiveCfg = Release|Win32
		{9EF7A90E-0094-4516-8355-B28278B31EFE}.Release|x86.Build.0 = Release|Win32
	EndGlobalSection
	GlobalSection(SolutionProperties) = preSolution
		HideSolutionNode = FALSE
	EndGlobalSection
	GlobalSection(ExtensibilityGlobals) = postSolution
		SolutionGuid = {57346ADC-9499-44A3-B96C-024088AB77BA}
	EndGlobalSection
EndGlobal
