
Microsoft Visual Studio Solution File, Format Version 12.00
# Visual Studio Version 17
VisualStudioVersion = 17.11.35312.102
MinimumVisualStudioVersion = 10.0.40219.1
Project("{8BC9CEB8-8B4A-11D0-8D11-00A0C91BC942}") = "Lab_06_01_iter", "Lab_06_01_iter\Lab_06_01_iter.vcxproj", "{DCCF76BE-D755-4ED0-B9FC-0EC66C31A5E8}"
EndProject
Project("{8BC9CEB8-8B4A-11D0-8D11-00A0C91BC942}") = "Lab_06_01_rec", "Lab_06_01_rec\Lab_06_01_rec.vcxproj", "{AD5F77E6-32B4-4ABC-BA69-7B3805713B19}"
EndProject
Project("{8BC9CEB8-8B4A-11D0-8D11-00A0C91BC942}") = "Lab_06_02_iter", "Lab_06_02_iter\Lab_06_02_iter.vcxproj", "{16D0CEBA-9399-42C0-8AB1-37B8F39E8777}"
EndProject
Project("{8BC9CEB8-8B4A-11D0-8D11-00A0C91BC942}") = "Lab_06_02_rec", "Lab_06_02_rec\Lab_06_02_rec.vcxproj", "{F76955BA-8623-435E-BA06-832F67BBDC41}"
EndProject
Project("{8BC9CEB8-8B4A-11D0-8D11-00A0C91BC942}") = "Lab_06_03_iter", "Lab_06_03_iter\Lab_06_03_iter.vcxproj", "{518B84A5-6EDA-42F5-828D-EC5B8DBE7C52}"
EndProject
Project("{8BC9CEB8-8B4A-11D0-8D11-00A0C91BC942}") = "Lab_06_03_rec", "Lab_06_03_rec\Lab_06_03_rec.vcxproj", "{F557AC56-B929-4ADF-BDA6-9BF183357F64}"
EndProject
Project("{8BC9CEB8-8B4A-11D0-8D11-00A0C91BC942}") = "Lab_06_04_iter", "Lab_06_04_iter\Lab_06_04_iter.vcxproj", "{FEC02453-AE4E-4C2F-AFD0-A7818712EE2E}"
EndProject
Project("{8BC9CEB8-8B4A-11D0-8D11-00A0C91BC942}") = "Lab_06_04_rec", "Lab_06_04_rec\Lab_06_04_rec.vcxproj", "{127BF808-6CFE-4628-B99C-30AED83C6931}"
EndProject
Project("{8BC9CEB8-8B4A-11D0-8D11-00A0C91BC942}") = "UnitTest_Lab_06_01_iter", "UnitTest_Lab_06_01_iter\UnitTest_Lab_06_01_iter.vcxproj", "{671AC2B5-4D7E-44AE-A8A2-DDEB7B7112B3}"
EndProject
Project("{8BC9CEB8-8B4A-11D0-8D11-00A0C91BC942}") = "UnitTest_Lab_06_01_rec", "UnitTest_Lab_06_01_rec\UnitTest_Lab_06_01_rec.vcxproj", "{3562EDA5-AD73-4B9F-9546-522893FDFCE4}"
EndProject
Project("{8BC9CEB8-8B4A-11D0-8D11-00A0C91BC942}") = "UnitTest_Lab_06_02_iter", "UnitTest_Lab_06_02_iter\UnitTest_Lab_06_02_iter.vcxproj", "{9EEF9D02-C046-4DFA-982A-31C65B3F1F21}"
EndProject
Project("{8BC9CEB8-8B4A-11D0-8D11-00A0C91BC942}") = "UnitTest_Lab_06_02_rec", "UnitTest_Lab_06_02_rec\UnitTest_Lab_06_02_rec.vcxproj", "{F06EDAC4-7B33-4906-A1C6-3E462694E78E}"
EndProject
Project("{8BC9CEB8-8B4A-11D0-8D11-00A0C91BC942}") = "UnitTest_Lab_06_03_iter", "UnitTest_Lab_06_03_iter\UnitTest_Lab_06_03_iter.vcxproj", "{D7885812-B2A7-4609-AA67-96ADF11ABBD9}"
EndProject
Project("{8BC9CEB8-8B4A-11D0-8D11-00A0C91BC942}") = "UnitTest_Lab_06_03_rec", "UnitTest_Lab_06_03_rec\UnitTest_Lab_06_03_rec.vcxproj", "{C0C93304-5178-4B34-A1DA-A3620DA921D7}"
EndProject
Project("{8BC9CEB8-8B4A-11D0-8D11-00A0C91BC942}") = "UnitTest_Lab_06_04_iter", "UnitTest_Lab_06_04_iter\UnitTest_Lab_06_04_iter.vcxproj", "{AF03948C-4494-41AD-8FCD-D62752573690}"
EndProject
Project("{8BC9CEB8-8B4A-11D0-8D11-00A0C91BC942}") = "UnitTest_Lab_06_04_rec", "UnitTest_Lab_06_04_rec\UnitTest_Lab_06_04_rec.vcxproj", "{D20224F6-1E66-4FC8-A90B-DFE6A684C08F}"
EndProject
Global
	GlobalSection(SolutionConfigurationPlatforms) = preSolution
		Debug|x64 = Debug|x64
		Debug|x86 = Debug|x86
		Release|x64 = Release|x64
		Release|x86 = Release|x86
	EndGlobalSection
	GlobalSection(ProjectConfigurationPlatforms) = postSolution
		{DCCF76BE-D755-4ED0-B9FC-0EC66C31A5E8}.Debug|x64.ActiveCfg = Debug|x64
		{DCCF76BE-D755-4ED0-B9FC-0EC66C31A5E8}.Debug|x64.Build.0 = Debug|x64
		{DCCF76BE-D755-4ED0-B9FC-0EC66C31A5E8}.Debug|x86.ActiveCfg = Debug|Win32
		{DCCF76BE-D755-4ED0-B9FC-0EC66C31A5E8}.Debug|x86.Build.0 = Debug|Win32
		{DCCF76BE-D755-4ED0-B9FC-0EC66C31A5E8}.Release|x64.ActiveCfg = Release|x64
		{DCCF76BE-D755-4ED0-B9FC-0EC66C31A5E8}.Release|x64.Build.0 = Release|x64
		{DCCF76BE-D755-4ED0-B9FC-0EC66C31A5E8}.Release|x86.ActiveCfg = Release|Win32
		{DCCF76BE-D755-4ED0-B9FC-0EC66C31A5E8}.Release|x86.Build.0 = Release|Win32
		{AD5F77E6-32B4-4ABC-BA69-7B3805713B19}.Debug|x64.ActiveCfg = Debug|x64
		{AD5F77E6-32B4-4ABC-BA69-7B3805713B19}.Debug|x64.Build.0 = Debug|x64
		{AD5F77E6-32B4-4ABC-BA69-7B3805713B19}.Debug|x86.ActiveCfg = Debug|Win32
		{AD5F77E6-32B4-4ABC-BA69-7B3805713B19}.Debug|x86.Build.0 = Debug|Win32
		{AD5F77E6-32B4-4ABC-BA69-7B3805713B19}.Release|x64.ActiveCfg = Release|x64
		{AD5F77E6-32B4-4ABC-BA69-7B3805713B19}.Release|x64.Build.0 = Release|x64
		{AD5F77E6-32B4-4ABC-BA69-7B3805713B19}.Release|x86.ActiveCfg = Release|Win32
		{AD5F77E6-32B4-4ABC-BA69-7B3805713B19}.Release|x86.Build.0 = Release|Win32
		{16D0CEBA-9399-42C0-8AB1-37B8F39E8777}.Debug|x64.ActiveCfg = Debug|x64
		{16D0CEBA-9399-42C0-8AB1-37B8F39E8777}.Debug|x64.Build.0 = Debug|x64
		{16D0CEBA-9399-42C0-8AB1-37B8F39E8777}.Debug|x86.ActiveCfg = Debug|Win32
		{16D0CEBA-9399-42C0-8AB1-37B8F39E8777}.Debug|x86.Build.0 = Debug|Win32
		{16D0CEBA-9399-42C0-8AB1-37B8F39E8777}.Release|x64.ActiveCfg = Release|x64
		{16D0CEBA-9399-42C0-8AB1-37B8F39E8777}.Release|x64.Build.0 = Release|x64
		{16D0CEBA-9399-42C0-8AB1-37B8F39E8777}.Release|x86.ActiveCfg = Release|Win32
		{16D0CEBA-9399-42C0-8AB1-37B8F39E8777}.Release|x86.Build.0 = Release|Win32
		{F76955BA-8623-435E-BA06-832F67BBDC41}.Debug|x64.ActiveCfg = Debug|x64
		{F76955BA-8623-435E-BA06-832F67BBDC41}.Debug|x64.Build.0 = Debug|x64
		{F76955BA-8623-435E-BA06-832F67BBDC41}.Debug|x86.ActiveCfg = Debug|Win32
		{F76955BA-8623-435E-BA06-832F67BBDC41}.Debug|x86.Build.0 = Debug|Win32
		{F76955BA-8623-435E-BA06-832F67BBDC41}.Release|x64.ActiveCfg = Release|x64
		{F76955BA-8623-435E-BA06-832F67BBDC41}.Release|x64.Build.0 = Release|x64
		{F76955BA-8623-435E-BA06-832F67BBDC41}.Release|x86.ActiveCfg = Release|Win32
		{F76955BA-8623-435E-BA06-832F67BBDC41}.Release|x86.Build.0 = Release|Win32
		{518B84A5-6EDA-42F5-828D-EC5B8DBE7C52}.Debug|x64.ActiveCfg = Debug|x64
		{518B84A5-6EDA-42F5-828D-EC5B8DBE7C52}.Debug|x64.Build.0 = Debug|x64
		{518B84A5-6EDA-42F5-828D-EC5B8DBE7C52}.Debug|x86.ActiveCfg = Debug|Win32
		{518B84A5-6EDA-42F5-828D-EC5B8DBE7C52}.Debug|x86.Build.0 = Debug|Win32
		{518B84A5-6EDA-42F5-828D-EC5B8DBE7C52}.Release|x64.ActiveCfg = Release|x64
		{518B84A5-6EDA-42F5-828D-EC5B8DBE7C52}.Release|x64.Build.0 = Release|x64
		{518B84A5-6EDA-42F5-828D-EC5B8DBE7C52}.Release|x86.ActiveCfg = Release|Win32
		{518B84A5-6EDA-42F5-828D-EC5B8DBE7C52}.Release|x86.Build.0 = Release|Win32
		{F557AC56-B929-4ADF-BDA6-9BF183357F64}.Debug|x64.ActiveCfg = Debug|x64
		{F557AC56-B929-4ADF-BDA6-9BF183357F64}.Debug|x64.Build.0 = Debug|x64
		{F557AC56-B929-4ADF-BDA6-9BF183357F64}.Debug|x86.ActiveCfg = Debug|Win32
		{F557AC56-B929-4ADF-BDA6-9BF183357F64}.Debug|x86.Build.0 = Debug|Win32
		{F557AC56-B929-4ADF-BDA6-9BF183357F64}.Release|x64.ActiveCfg = Release|x64
		{F557AC56-B929-4ADF-BDA6-9BF183357F64}.Release|x64.Build.0 = Release|x64
		{F557AC56-B929-4ADF-BDA6-9BF183357F64}.Release|x86.ActiveCfg = Release|Win32
		{F557AC56-B929-4ADF-BDA6-9BF183357F64}.Release|x86.Build.0 = Release|Win32
		{FEC02453-AE4E-4C2F-AFD0-A7818712EE2E}.Debug|x64.ActiveCfg = Debug|x64
		{FEC02453-AE4E-4C2F-AFD0-A7818712EE2E}.Debug|x64.Build.0 = Debug|x64
		{FEC02453-AE4E-4C2F-AFD0-A7818712EE2E}.Debug|x86.ActiveCfg = Debug|Win32
		{FEC02453-AE4E-4C2F-AFD0-A7818712EE2E}.Debug|x86.Build.0 = Debug|Win32
		{FEC02453-AE4E-4C2F-AFD0-A7818712EE2E}.Release|x64.ActiveCfg = Release|x64
		{FEC02453-AE4E-4C2F-AFD0-A7818712EE2E}.Release|x64.Build.0 = Release|x64
		{FEC02453-AE4E-4C2F-AFD0-A7818712EE2E}.Release|x86.ActiveCfg = Release|Win32
		{FEC02453-AE4E-4C2F-AFD0-A7818712EE2E}.Release|x86.Build.0 = Release|Win32
		{127BF808-6CFE-4628-B99C-30AED83C6931}.Debug|x64.ActiveCfg = Debug|x64
		{127BF808-6CFE-4628-B99C-30AED83C6931}.Debug|x64.Build.0 = Debug|x64
		{127BF808-6CFE-4628-B99C-30AED83C6931}.Debug|x86.ActiveCfg = Debug|Win32
		{127BF808-6CFE-4628-B99C-30AED83C6931}.Debug|x86.Build.0 = Debug|Win32
		{127BF808-6CFE-4628-B99C-30AED83C6931}.Release|x64.ActiveCfg = Release|x64
		{127BF808-6CFE-4628-B99C-30AED83C6931}.Release|x64.Build.0 = Release|x64
		{127BF808-6CFE-4628-B99C-30AED83C6931}.Release|x86.ActiveCfg = Release|Win32
		{127BF808-6CFE-4628-B99C-30AED83C6931}.Release|x86.Build.0 = Release|Win32
		{671AC2B5-4D7E-44AE-A8A2-DDEB7B7112B3}.Debug|x64.ActiveCfg = Debug|x64
		{671AC2B5-4D7E-44AE-A8A2-DDEB7B7112B3}.Debug|x64.Build.0 = Debug|x64
		{671AC2B5-4D7E-44AE-A8A2-DDEB7B7112B3}.Debug|x86.ActiveCfg = Debug|Win32
		{671AC2B5-4D7E-44AE-A8A2-DDEB7B7112B3}.Debug|x86.Build.0 = Debug|Win32
		{671AC2B5-4D7E-44AE-A8A2-DDEB7B7112B3}.Release|x64.ActiveCfg = Release|x64
		{671AC2B5-4D7E-44AE-A8A2-DDEB7B7112B3}.Release|x64.Build.0 = Release|x64
		{671AC2B5-4D7E-44AE-A8A2-DDEB7B7112B3}.Release|x86.ActiveCfg = Release|Win32
		{671AC2B5-4D7E-44AE-A8A2-DDEB7B7112B3}.Release|x86.Build.0 = Release|Win32
		{3562EDA5-AD73-4B9F-9546-522893FDFCE4}.Debug|x64.ActiveCfg = Debug|x64
		{3562EDA5-AD73-4B9F-9546-522893FDFCE4}.Debug|x64.Build.0 = Debug|x64
		{3562EDA5-AD73-4B9F-9546-522893FDFCE4}.Debug|x86.ActiveCfg = Debug|Win32
		{3562EDA5-AD73-4B9F-9546-522893FDFCE4}.Debug|x86.Build.0 = Debug|Win32
		{3562EDA5-AD73-4B9F-9546-522893FDFCE4}.Release|x64.ActiveCfg = Release|x64
		{3562EDA5-AD73-4B9F-9546-522893FDFCE4}.Release|x64.Build.0 = Release|x64
		{3562EDA5-AD73-4B9F-9546-522893FDFCE4}.Release|x86.ActiveCfg = Release|Win32
		{3562EDA5-AD73-4B9F-9546-522893FDFCE4}.Release|x86.Build.0 = Release|Win32
		{9EEF9D02-C046-4DFA-982A-31C65B3F1F21}.Debug|x64.ActiveCfg = Debug|x64
		{9EEF9D02-C046-4DFA-982A-31C65B3F1F21}.Debug|x64.Build.0 = Debug|x64
		{9EEF9D02-C046-4DFA-982A-31C65B3F1F21}.Debug|x86.ActiveCfg = Debug|Win32
		{9EEF9D02-C046-4DFA-982A-31C65B3F1F21}.Debug|x86.Build.0 = Debug|Win32
		{9EEF9D02-C046-4DFA-982A-31C65B3F1F21}.Release|x64.ActiveCfg = Release|x64
		{9EEF9D02-C046-4DFA-982A-31C65B3F1F21}.Release|x64.Build.0 = Release|x64
		{9EEF9D02-C046-4DFA-982A-31C65B3F1F21}.Release|x86.ActiveCfg = Release|Win32
		{9EEF9D02-C046-4DFA-982A-31C65B3F1F21}.Release|x86.Build.0 = Release|Win32
		{F06EDAC4-7B33-4906-A1C6-3E462694E78E}.Debug|x64.ActiveCfg = Debug|x64
		{F06EDAC4-7B33-4906-A1C6-3E462694E78E}.Debug|x64.Build.0 = Debug|x64
		{F06EDAC4-7B33-4906-A1C6-3E462694E78E}.Debug|x86.ActiveCfg = Debug|Win32
		{F06EDAC4-7B33-4906-A1C6-3E462694E78E}.Debug|x86.Build.0 = Debug|Win32
		{F06EDAC4-7B33-4906-A1C6-3E462694E78E}.Release|x64.ActiveCfg = Release|x64
		{F06EDAC4-7B33-4906-A1C6-3E462694E78E}.Release|x64.Build.0 = Release|x64
		{F06EDAC4-7B33-4906-A1C6-3E462694E78E}.Release|x86.ActiveCfg = Release|Win32
		{F06EDAC4-7B33-4906-A1C6-3E462694E78E}.Release|x86.Build.0 = Release|Win32
		{D7885812-B2A7-4609-AA67-96ADF11ABBD9}.Debug|x64.ActiveCfg = Debug|x64
		{D7885812-B2A7-4609-AA67-96ADF11ABBD9}.Debug|x64.Build.0 = Debug|x64
		{D7885812-B2A7-4609-AA67-96ADF11ABBD9}.Debug|x86.ActiveCfg = Debug|Win32
		{D7885812-B2A7-4609-AA67-96ADF11ABBD9}.Debug|x86.Build.0 = Debug|Win32
		{D7885812-B2A7-4609-AA67-96ADF11ABBD9}.Release|x64.ActiveCfg = Release|x64
		{D7885812-B2A7-4609-AA67-96ADF11ABBD9}.Release|x64.Build.0 = Release|x64
		{D7885812-B2A7-4609-AA67-96ADF11ABBD9}.Release|x86.ActiveCfg = Release|Win32
		{D7885812-B2A7-4609-AA67-96ADF11ABBD9}.Release|x86.Build.0 = Release|Win32
		{C0C93304-5178-4B34-A1DA-A3620DA921D7}.Debug|x64.ActiveCfg = Debug|x64
		{C0C93304-5178-4B34-A1DA-A3620DA921D7}.Debug|x64.Build.0 = Debug|x64
		{C0C93304-5178-4B34-A1DA-A3620DA921D7}.Debug|x86.ActiveCfg = Debug|Win32
		{C0C93304-5178-4B34-A1DA-A3620DA921D7}.Debug|x86.Build.0 = Debug|Win32
		{C0C93304-5178-4B34-A1DA-A3620DA921D7}.Release|x64.ActiveCfg = Release|x64
		{C0C93304-5178-4B34-A1DA-A3620DA921D7}.Release|x64.Build.0 = Release|x64
		{C0C93304-5178-4B34-A1DA-A3620DA921D7}.Release|x86.ActiveCfg = Release|Win32
		{C0C93304-5178-4B34-A1DA-A3620DA921D7}.Release|x86.Build.0 = Release|Win32
		{AF03948C-4494-41AD-8FCD-D62752573690}.Debug|x64.ActiveCfg = Debug|x64
		{AF03948C-4494-41AD-8FCD-D62752573690}.Debug|x64.Build.0 = Debug|x64
		{AF03948C-4494-41AD-8FCD-D62752573690}.Debug|x86.ActiveCfg = Debug|Win32
		{AF03948C-4494-41AD-8FCD-D62752573690}.Debug|x86.Build.0 = Debug|Win32
		{AF03948C-4494-41AD-8FCD-D62752573690}.Release|x64.ActiveCfg = Release|x64
		{AF03948C-4494-41AD-8FCD-D62752573690}.Release|x64.Build.0 = Release|x64
		{AF03948C-4494-41AD-8FCD-D62752573690}.Release|x86.ActiveCfg = Release|Win32
		{AF03948C-4494-41AD-8FCD-D62752573690}.Release|x86.Build.0 = Release|Win32
		{D20224F6-1E66-4FC8-A90B-DFE6A684C08F}.Debug|x64.ActiveCfg = Debug|x64
		{D20224F6-1E66-4FC8-A90B-DFE6A684C08F}.Debug|x64.Build.0 = Debug|x64
		{D20224F6-1E66-4FC8-A90B-DFE6A684C08F}.Debug|x86.ActiveCfg = Debug|Win32
		{D20224F6-1E66-4FC8-A90B-DFE6A684C08F}.Debug|x86.Build.0 = Debug|Win32
		{D20224F6-1E66-4FC8-A90B-DFE6A684C08F}.Release|x64.ActiveCfg = Release|x64
		{D20224F6-1E66-4FC8-A90B-DFE6A684C08F}.Release|x64.Build.0 = Release|x64
		{D20224F6-1E66-4FC8-A90B-DFE6A684C08F}.Release|x86.ActiveCfg = Release|Win32
		{D20224F6-1E66-4FC8-A90B-DFE6A684C08F}.Release|x86.Build.0 = Release|Win32
	EndGlobalSection
	GlobalSection(SolutionProperties) = preSolution
		HideSolutionNode = FALSE
	EndGlobalSection
	GlobalSection(ExtensibilityGlobals) = postSolution
		SolutionGuid = {57346ADC-9499-44A3-B96C-024088AB77BA}
	EndGlobalSection
EndGlobal
